{
  "requires": true,
  "lockfileVersion": 1,
  "dependencies": {
    "fraction-calculator": {
      "version": "1.0.11",
      "resolved": "https://registry.npmjs.org/fraction-calculator/-/fraction-calculator-1.0.11.tgz",
      "integrity": "sha512-lM58XpmpVcxksiKQfSrO1a1jEAKTDViGbDN5NqAJtrxjCNA3LpyJkCwYdMGTcMbW0jr1Ph6kLK/BtLPDz+y/Fw=="
    }
  }
}
